// !$*UTF8*$!
{
	archiveVersion = 1;
	classes = {
	};
	objectVersion = 50;
	objects = {

/* Begin PBXBuildFile section */
		0512096E215C9CC1008DA4C3 /* AppDelegate.swift in Sources */ = {isa = PBXBuildFile; fileRef = 0512096D215C9CC1008DA4C3 /* AppDelegate.swift */; };
		05120973215C9CC1008DA4C3 /* Main.storyboard in Resources */ = {isa = PBXBuildFile; fileRef = 05120971215C9CC1008DA4C3 /* Main.storyboard */; };
		05120975215C9CC3008DA4C3 /* Assets.xcassets in Resources */ = {isa = PBXBuildFile; fileRef = 05120974215C9CC3008DA4C3 /* Assets.xcassets */; };
		05120978215C9CC3008DA4C3 /* LaunchScreen.storyboard in Resources */ = {isa = PBXBuildFile; fileRef = 05120976215C9CC3008DA4C3 /* LaunchScreen.storyboard */; };
		05120981215D9E9E008DA4C3 /* LoginViewController.swift in Sources */ = {isa = PBXBuildFile; fileRef = 05120980215D9E9E008DA4C3 /* LoginViewController.swift */; };
		0512098421606C15008DA4C3 /* Post.swift in Sources */ = {isa = PBXBuildFile; fileRef = 0512098321606C15008DA4C3 /* Post.swift */; };
		051209862162D236008DA4C3 /* ProfileViewController.swift in Sources */ = {isa = PBXBuildFile; fileRef = 051209852162D236008DA4C3 /* ProfileViewController.swift */; };
		051209882162DABE008DA4C3 /* InfiniteScrollActivityView.swift in Sources */ = {isa = PBXBuildFile; fileRef = 051209872162DABE008DA4C3 /* InfiniteScrollActivityView.swift */; };
		0512098C21630F76008DA4C3 /* ProfileImagesCollectionViewCell.swift in Sources */ = {isa = PBXBuildFile; fileRef = 0512098B21630F76008DA4C3 /* ProfileImagesCollectionViewCell.swift */; };
		051209D2216AF275008DA4C3 /* CommentsViewController.swift in Sources */ = {isa = PBXBuildFile; fileRef = 051209D1216AF275008DA4C3 /* CommentsViewController.swift */; };
		051209D4216B036F008DA4C3 /* CommentsTableViewCell.swift in Sources */ = {isa = PBXBuildFile; fileRef = 051209D3216B036F008DA4C3 /* CommentsTableViewCell.swift */; };
		4CE00044AA0AD6E24AA8A1E8 /* Pods_My_Instagram_Version.framework in Frameworks */ = {isa = PBXBuildFile; fileRef = F6A8236674225033A343977D /* Pods_My_Instagram_Version.framework */; };
		F71F5032215ED77E00528A95 /* HomeFeedViewController.swift in Sources */ = {isa = PBXBuildFile; fileRef = F71F5031215ED77E00528A95 /* HomeFeedViewController.swift */; };
		F71F5034215FED5B00528A95 /* ComposeViewController.swift in Sources */ = {isa = PBXBuildFile; fileRef = F71F5033215FED5B00528A95 /* ComposeViewController.swift */; };
		F71F503721618DBC00528A95 /* PostTableViewCell.swift in Sources */ = {isa = PBXBuildFile; fileRef = F71F503621618DBC00528A95 /* PostTableViewCell.swift */; };
/* End PBXBuildFile section */

/* Begin PBXFileReference section */
		0512096A215C9CC1008DA4C3 /* My-Instagram-Version.app */ = {isa = PBXFileReference; explicitFileType = wrapper.application; includeInIndex = 0; path = "My-Instagram-Version.app"; sourceTree = BUILT_PRODUCTS_DIR; };
		0512096D215C9CC1008DA4C3 /* AppDelegate.swift */ = {isa = PBXFileReference; lastKnownFileType = sourcecode.swift; path = AppDelegate.swift; sourceTree = "<group>"; };
		05120972215C9CC1008DA4C3 /* Base */ = {isa = PBXFileReference; lastKnownFileType = file.storyboard; name = Base; path = Base.lproj/Main.storyboard; sourceTree = "<group>"; };
		05120974215C9CC3008DA4C3 /* Assets.xcassets */ = {isa = PBXFileReference; lastKnownFileType = folder.assetcatalog; path = Assets.xcassets; sourceTree = "<group>"; };
		05120977215C9CC3008DA4C3 /* Base */ = {isa = PBXFileReference; lastKnownFileType = file.storyboard; name = Base; path = Base.lproj/LaunchScreen.storyboard; sourceTree = "<group>"; };
		05120979215C9CC3008DA4C3 /* Info.plist */ = {isa = PBXFileReference; lastKnownFileType = text.plist.xml; path = Info.plist; sourceTree = "<group>"; };
		05120980215D9E9E008DA4C3 /* LoginViewController.swift */ = {isa = PBXFileReference; lastKnownFileType = sourcecode.swift; path = LoginViewController.swift; sourceTree = "<group>"; };
		0512098321606C15008DA4C3 /* Post.swift */ = {isa = PBXFileReference; lastKnownFileType = sourcecode.swift; path = Post.swift; sourceTree = "<group>"; };
		051209852162D236008DA4C3 /* ProfileViewController.swift */ = {isa = PBXFileReference; lastKnownFileType = sourcecode.swift; path = ProfileViewController.swift; sourceTree = "<group>"; };
		051209872162DABE008DA4C3 /* InfiniteScrollActivityView.swift */ = {isa = PBXFileReference; lastKnownFileType = sourcecode.swift; path = InfiniteScrollActivityView.swift; sourceTree = "<group>"; };
		0512098B21630F76008DA4C3 /* ProfileImagesCollectionViewCell.swift */ = {isa = PBXFileReference; lastKnownFileType = sourcecode.swift; path = ProfileImagesCollectionViewCell.swift; sourceTree = "<group>"; };
		051209D1216AF275008DA4C3 /* CommentsViewController.swift */ = {isa = PBXFileReference; lastKnownFileType = sourcecode.swift; path = CommentsViewController.swift; sourceTree = "<group>"; };
		051209D3216B036F008DA4C3 /* CommentsTableViewCell.swift */ = {isa = PBXFileReference; lastKnownFileType = sourcecode.swift; path = CommentsTableViewCell.swift; sourceTree = "<group>"; };
		72C3C0795CFAA21CDE48E55D /* Pods-My-Instagram-Version.debug.xcconfig */ = {isa = PBXFileReference; includeInIndex = 1; lastKnownFileType = text.xcconfig; name = "Pods-My-Instagram-Version.debug.xcconfig"; path = "Pods/Target Support Files/Pods-My-Instagram-Version/Pods-My-Instagram-Version.debug.xcconfig"; sourceTree = "<group>"; };
		F6A8236674225033A343977D /* Pods_My_Instagram_Version.framework */ = {isa = PBXFileReference; explicitFileType = wrapper.framework; includeInIndex = 0; path = Pods_My_Instagram_Version.framework; sourceTree = BUILT_PRODUCTS_DIR; };
		F71F5031215ED77E00528A95 /* HomeFeedViewController.swift */ = {isa = PBXFileReference; lastKnownFileType = sourcecode.swift; path = HomeFeedViewController.swift; sourceTree = "<group>"; };
		F71F5033215FED5B00528A95 /* ComposeViewController.swift */ = {isa = PBXFileReference; lastKnownFileType = sourcecode.swift; path = ComposeViewController.swift; sourceTree = "<group>"; };
		F71F503621618DBC00528A95 /* PostTableViewCell.swift */ = {isa = PBXFileReference; lastKnownFileType = sourcecode.swift; path = PostTableViewCell.swift; sourceTree = "<group>"; };
		F7C11568C2CD16BCF60EC4F5 /* Pods-My-Instagram-Version.release.xcconfig */ = {isa = PBXFileReference; includeInIndex = 1; lastKnownFileType = text.xcconfig; name = "Pods-My-Instagram-Version.release.xcconfig"; path = "Pods/Target Support Files/Pods-My-Instagram-Version/Pods-My-Instagram-Version.release.xcconfig"; sourceTree = "<group>"; };
/* End PBXFileReference section */

/* Begin PBXFrameworksBuildPhase section */
		05120967215C9CC1008DA4C3 /* Frameworks */ = {
			isa = PBXFrameworksBuildPhase;
			buildActionMask = 2147483647;
			files = (
				4CE00044AA0AD6E24AA8A1E8 /* Pods_My_Instagram_Version.framework in Frameworks */,
			);
			runOnlyForDeploymentPostprocessing = 0;
		};
/* End PBXFrameworksBuildPhase section */

/* Begin PBXGroup section */
		05120961215C9CC1008DA4C3 = {
			isa = PBXGroup;
			children = (
				0512096C215C9CC1008DA4C3 /* My-Instagram-Version */,
				0512096B215C9CC1008DA4C3 /* Products */,
				C335FA99EE4F932CD98739D6 /* Pods */,
				C239B768383AF54DF52735DA /* Frameworks */,
			);
			sourceTree = "<group>";
		};
		0512096B215C9CC1008DA4C3 /* Products */ = {
			isa = PBXGroup;
			children = (
				0512096A215C9CC1008DA4C3 /* My-Instagram-Version.app */,
			);
			name = Products;
			sourceTree = "<group>";
		};
		0512096C215C9CC1008DA4C3 /* My-Instagram-Version */ = {
			isa = PBXGroup;
			children = (
				F71F503521618D8800528A95 /* Views */,
				0512098221606B5E008DA4C3 /* Models */,
				0512097F215D9E84008DA4C3 /* Controllers */,
				0512096D215C9CC1008DA4C3 /* AppDelegate.swift */,
				05120971215C9CC1008DA4C3 /* Main.storyboard */,
				05120974215C9CC3008DA4C3 /* Assets.xcassets */,
				05120976215C9CC3008DA4C3 /* LaunchScreen.storyboard */,
				05120979215C9CC3008DA4C3 /* Info.plist */,
			);
			path = "My-Instagram-Version";
			sourceTree = "<group>";
		};
		0512097F215D9E84008DA4C3 /* Controllers */ = {
			isa = PBXGroup;
			children = (
				05120980215D9E9E008DA4C3 /* LoginViewController.swift */,
				F71F5031215ED77E00528A95 /* HomeFeedViewController.swift */,
				F71F5033215FED5B00528A95 /* ComposeViewController.swift */,
				051209852162D236008DA4C3 /* ProfileViewController.swift */,
				051209D1216AF275008DA4C3 /* CommentsViewController.swift */,
			);
			path = Controllers;
			sourceTree = "<group>";
		};
		0512098221606B5E008DA4C3 /* Models */ = {
			isa = PBXGroup;
			children = (
				0512098321606C15008DA4C3 /* Post.swift */,
			);
			path = Models;
			sourceTree = "<group>";
		};
		C239B768383AF54DF52735DA /* Frameworks */ = {
			isa = PBXGroup;
			children = (
				F6A8236674225033A343977D /* Pods_My_Instagram_Version.framework */,
			);
			name = Frameworks;
			sourceTree = "<group>";
		};
		C335FA99EE4F932CD98739D6 /* Pods */ = {
			isa = PBXGroup;
			children = (
				72C3C0795CFAA21CDE48E55D /* Pods-My-Instagram-Version.debug.xcconfig */,
				F7C11568C2CD16BCF60EC4F5 /* Pods-My-Instagram-Version.release.xcconfig */,
			);
			name = Pods;
			sourceTree = "<group>";
		};
		F71F503521618D8800528A95 /* Views */ = {
			isa = PBXGroup;
			children = (
				F71F503621618DBC00528A95 /* PostTableViewCell.swift */,
				051209872162DABE008DA4C3 /* InfiniteScrollActivityView.swift */,
				0512098B21630F76008DA4C3 /* ProfileImagesCollectionViewCell.swift */,
				051209D3216B036F008DA4C3 /* CommentsTableViewCell.swift */,
			);
			path = Views;
			sourceTree = "<group>";
		};
/* End PBXGroup section */

/* Begin PBXNativeTarget section */
		05120969215C9CC1008DA4C3 /* My-Instagram-Version */ = {
			isa = PBXNativeTarget;
			buildConfigurationList = 0512097C215C9CC3008DA4C3 /* Build configuration list for PBXNativeTarget "My-Instagram-Version" */;
			buildPhases = (
				8EDCDB3BF247AB2AA0D8A407 /* [CP] Check Pods Manifest.lock */,
				05120966215C9CC1008DA4C3 /* Sources */,
				05120967215C9CC1008DA4C3 /* Frameworks */,
				05120968215C9CC1008DA4C3 /* Resources */,
				4ED170595EFC95787DE87272 /* [CP] Embed Pods Frameworks */,
			);
			buildRules = (
			);
			dependencies = (
			);
			name = "My-Instagram-Version";
			productName = "My-Instagram-Version";
			productReference = 0512096A215C9CC1008DA4C3 /* My-Instagram-Version.app */;
			productType = "com.apple.product-type.application";
		};
/* End PBXNativeTarget section */

/* Begin PBXProject section */
		05120962215C9CC1008DA4C3 /* Project object */ = {
			isa = PBXProject;
			attributes = {
				LastSwiftUpdateCheck = 1000;
				LastUpgradeCheck = 1000;
				ORGANIZATIONNAME = "Luis Mendez";
				TargetAttributes = {
					05120969215C9CC1008DA4C3 = {
						CreatedOnToolsVersion = 10.0;
					};
				};
			};
			buildConfigurationList = 05120965215C9CC1008DA4C3 /* Build configuration list for PBXProject "My-Instagram-Version" */;
			compatibilityVersion = "Xcode 9.3";
			developmentRegion = en;
			hasScannedForEncodings = 0;
			knownRegions = (
				en,
				Base,
			);
			mainGroup = 05120961215C9CC1008DA4C3;
			productRefGroup = 0512096B215C9CC1008DA4C3 /* Products */;
			projectDirPath = "";
			projectRoot = "";
			targets = (
				05120969215C9CC1008DA4C3 /* My-Instagram-Version */,
			);
		};
/* End PBXProject section */

/* Begin PBXResourcesBuildPhase section */
		05120968215C9CC1008DA4C3 /* Resources */ = {
			isa = PBXResourcesBuildPhase;
			buildActionMask = 2147483647;
			files = (
				05120978215C9CC3008DA4C3 /* LaunchScreen.storyboard in Resources */,
				05120975215C9CC3008DA4C3 /* Assets.xcassets in Resources */,
				05120973215C9CC1008DA4C3 /* Main.storyboard in Resources */,
			);
			runOnlyForDeploymentPostprocessing = 0;
		};
/* End PBXResourcesBuildPhase section */

/* Begin PBXShellScriptBuildPhase section */
		4ED170595EFC95787DE87272 /* [CP] Embed Pods Frameworks */ = {
			isa = PBXShellScriptBuildPhase;
			buildActionMask = 2147483647;
			files = (
			);
			inputFileListPaths = (
			);
			inputPaths = (
				"${SRCROOT}/Pods/Target Support Files/Pods-My-Instagram-Version/Pods-My-Instagram-Version-frameworks.sh",
				"${BUILT_PRODUCTS_DIR}/Bolts/Bolts.framework",
				"${BUILT_PRODUCTS_DIR}/CameraManager/CameraManager.framework",
				"${BUILT_PRODUCTS_DIR}/MBProgressHUD/MBProgressHUD.framework",
				"${BUILT_PRODUCTS_DIR}/Parse/Parse.framework",
				"${BUILT_PRODUCTS_DIR}/RSKPlaceholderTextView/RSKPlaceholderTextView.framework",
			);
			name = "[CP] Embed Pods Frameworks";
			outputFileListPaths = (
			);
			outputPaths = (
				"${TARGET_BUILD_DIR}/${FRAMEWORKS_FOLDER_PATH}/Bolts.framework",
				"${TARGET_BUILD_DIR}/${FRAMEWORKS_FOLDER_PATH}/CameraManager.framework",
				"${TARGET_BUILD_DIR}/${FRAMEWORKS_FOLDER_PATH}/MBProgressHUD.framework",
				"${TARGET_BUILD_DIR}/${FRAMEWORKS_FOLDER_PATH}/Parse.framework",
				"${TARGET_BUILD_DIR}/${FRAMEWORKS_FOLDER_PATH}/RSKPlaceholderTextView.framework",
			);
			runOnlyForDeploymentPostprocessing = 0;
			shellPath = /bin/sh;
			shellScript = "\"${SRCROOT}/Pods/Target Support Files/Pods-My-Instagram-Version/Pods-My-Instagram-Version-frameworks.sh\"\n";
			showEnvVarsInLog = 0;
		};
		8EDCDB3BF247AB2AA0D8A407 /* [CP] Check Pods Manifest.lock */ = {
			isa = PBXShellScriptBuildPhase;
			buildActionMask = 2147483647;
			files = (
			);
			inputFileListPaths = (
			);
			inputPaths = (
				"${PODS_PODFILE_DIR_PATH}/Podfile.lock",
				"${PODS_ROOT}/Manifest.lock",
			);
			name = "[CP] Check Pods Manifest.lock";
			outputFileListPaths = (
			);
			outputPaths = (
				"$(DERIVED_FILE_DIR)/Pods-My-Instagram-Version-checkManifestLockResult.txt",
			);
			runOnlyForDeploymentPostprocessing = 0;
			shellPath = /bin/sh;
			shellScript = "diff \"${PODS_PODFILE_DIR_PATH}/Podfile.lock\" \"${PODS_ROOT}/Manifest.lock\" > /dev/null\nif [ $? != 0 ] ; then\n    # print error to STDERR\n    echo \"error: The sandbox is not in sync with the Podfile.lock. Run 'pod install' or update your CocoaPods installation.\" >&2\n    exit 1\nfi\n# This output is used by Xcode 'outputs' to avoid re-running this script phase.\necho \"SUCCESS\" > \"${SCRIPT_OUTPUT_FILE_0}\"\n";
			showEnvVarsInLog = 0;
		};
/* End PBXShellScriptBuildPhase section */

/* Begin PBXSourcesBuildPhase section */
		05120966215C9CC1008DA4C3 /* Sources */ = {
			isa = PBXSourcesBuildPhase;
			buildActionMask = 2147483647;
			files = (
				051209882162DABE008DA4C3 /* InfiniteScrollActivityView.swift in Sources */,
				05120981215D9E9E008DA4C3 /* LoginViewController.swift in Sources */,
				0512096E215C9CC1008DA4C3 /* AppDelegate.swift in Sources */,
				F71F5032215ED77E00528A95 /* HomeFeedViewController.swift in Sources */,
				F71F5034215FED5B00528A95 /* ComposeViewController.swift in Sources */,
				051209862162D236008DA4C3 /* ProfileViewController.swift in Sources */,
				0512098421606C15008DA4C3 /* Post.swift in Sources */,
				0512098C21630F76008DA4C3 /* ProfileImagesCollectionViewCell.swift in Sources */,
				051209D2216AF275008DA4C3 /* CommentsViewController.swift in Sources */,
				F71F503721618DBC00528A95 /* PostTableViewCell.swift in Sources */,
				051209D4216B036F008DA4C3 /* CommentsTableViewCell.swift in Sources */,
			);
			runOnlyForDeploymentPostprocessing = 0;
		};
/* End PBXSourcesBuildPhase section */

/* Begin PBXVariantGroup section */
		05120971215C9CC1008DA4C3 /* Main.storyboard */ = {
			isa = PBXVariantGroup;
			children = (
				05120972215C9CC1008DA4C3 /* Base */,
			);
			name = Main.storyboard;
			sourceTree = "<group>";
		};
		05120976215C9CC3008DA4C3 /* LaunchScreen.storyboard */ = {
			isa = PBXVariantGroup;
			children = (
				05120977215C9CC3008DA4C3 /* Base */,
			);
			name = LaunchScreen.storyboard;
			sourceTree = "<group>";
		};
/* End PBXVariantGroup section */

/* Begin XCBuildConfiguration section */
		0512097A215C9CC3008DA4C3 /* Debug */ = {
			isa = XCBuildConfiguration;
			buildSettings = {
				ALWAYS_SEARCH_USER_PATHS = NO;
				CLANG_ANALYZER_NONNULL = YES;
				CLANG_ANALYZER_NUMBER_OBJECT_CONVERSION = YES_AGGRESSIVE;
				CLANG_CXX_LANGUAGE_STANDARD = "gnu++14";
				CLANG_CXX_LIBRARY = "libc++";
				CLANG_ENABLE_MODULES = YES;
				CLANG_ENABLE_OBJC_ARC = YES;
				CLANG_ENABLE_OBJC_WEAK = YES;
				CLANG_WARN_BLOCK_CAPTURE_AUTORELEASING = YES;
				CLANG_WARN_BOOL_CONVERSION = YES;
				CLANG_WARN_COMMA = YES;
				CLANG_WARN_CONSTANT_CONVERSION = YES;
				CLANG_WARN_DEPRECATED_OBJC_IMPLEMENTATIONS = YES;
				CLANG_WARN_DIRECT_OBJC_ISA_USAGE = YES_ERROR;
				CLANG_WARN_DOCUMENTATION_COMMENTS = YES;
				CLANG_WARN_EMPTY_BODY = YES;
				CLANG_WARN_ENUM_CONVERSION = YES;
				CLANG_WARN_INFINITE_RECURSION = YES;
				CLANG_WARN_INT_CONVERSION = YES;
				CLANG_WARN_NON_LITERAL_NULL_CONVERSION = YES;
				CLANG_WARN_OBJC_IMPLICIT_RETAIN_SELF = YES;
				CLANG_WARN_OBJC_LITERAL_CONVERSION = YES;
				CLANG_WARN_OBJC_ROOT_CLASS = YES_ERROR;
				CLANG_WARN_RANGE_LOOP_ANALYSIS = YES;
				CLANG_WARN_STRICT_PROTOTYPES = YES;
				CLANG_WARN_SUSPICIOUS_MOVE = YES;
				CLANG_WARN_UNGUARDED_AVAILABILITY = YES_AGGRESSIVE;
				CLANG_WARN_UNREACHABLE_CODE = YES;
				CLANG_WARN__DUPLICATE_METHOD_MATCH = YES;
				CODE_SIGN_IDENTITY = "iPhone Developer";
				COPY_PHASE_STRIP = NO;
				DEBUG_INFORMATION_FORMAT = dwarf;
				ENABLE_STRICT_OBJC_MSGSEND = YES;
				ENABLE_TESTABILITY = YES;
				GCC_C_LANGUAGE_STANDARD = gnu11;
				GCC_DYNAMIC_NO_PIC = NO;
				GCC_NO_COMMON_BLOCKS = YES;
				GCC_OPTIMIZATION_LEVEL = 0;
				GCC_PREPROCESSOR_DEFINITIONS = (
					"DEBUG=1",
					"$(inherited)",
				);
				GCC_WARN_64_TO_32_BIT_CONVERSION = YES;
				GCC_WARN_ABOUT_RETURN_TYPE = YES_ERROR;
				GCC_WARN_UNDECLARED_SELECTOR = YES;
				GCC_WARN_UNINITIALIZED_AUTOS = YES_AGGRESSIVE;
				GCC_WARN_UNUSED_FUNCTION = YES;
				GCC_WARN_UNUSED_VARIABLE = YES;
				IPHONEOS_DEPLOYMENT_TARGET = 12.0;
				MTL_ENABLE_DEBUG_INFO = INCLUDE_SOURCE;
				MTL_FAST_MATH = YES;
				ONLY_ACTIVE_ARCH = YES;
				SDKROOT = iphoneos;
				SWIFT_ACTIVE_COMPILATION_CONDITIONS = DEBUG;
				SWIFT_OPTIMIZATION_LEVEL = "-Onone";
			};
			name = Debug;
		};
		0512097B215C9CC3008DA4C3 /* Release */ = {
			isa = XCBuildConfiguration;
			buildSettings = {
				ALWAYS_SEARCH_USER_PATHS = NO;
				CLANG_ANALYZER_NONNULL = YES;
				CLANG_ANALYZER_NUMBER_OBJECT_CONVERSION = YES_AGGRESSIVE;
				CLANG_CXX_LANGUAGE_STANDARD = "gnu++14";
				CLANG_CXX_LIBRARY = "libc++";
				CLANG_ENABLE_MODULES = YES;
				CLANG_ENABLE_OBJC_ARC = YES;
				CLANG_ENABLE_OBJC_WEAK = YES;
				CLANG_WARN_BLOCK_CAPTURE_AUTORELEASING = YES;
				CLANG_WARN_BOOL_CONVERSION = YES;
				CLANG_WARN_COMMA = YES;
				CLANG_WARN_CONSTANT_CONVERSION = YES;
				CLANG_WARN_DEPRECATED_OBJC_IMPLEMENTATIONS = YES;
				CLANG_WARN_DIRECT_OBJC_ISA_USAGE = YES_ERROR;
				CLANG_WARN_DOCUMENTATION_COMMENTS = YES;
				CLANG_WARN_EMPTY_BODY = YES;
				CLANG_WARN_ENUM_CONVERSION = YES;
				CLANG_WARN_INFINITE_RECURSION = YES;
				CLANG_WARN_INT_CONVERSION = YES;
				CLANG_WARN_NON_LITERAL_NULL_CONVERSION = YES;
				CLANG_WARN_OBJC_IMPLICIT_RETAIN_SELF = YES;
				CLANG_WARN_OBJC_LITERAL_CONVERSION = YES;
				CLANG_WARN_OBJC_ROOT_CLASS = YES_ERROR;
				CLANG_WARN_RANGE_LOOP_ANALYSIS = YES;
				CLANG_WARN_STRICT_PROTOTYPES = YES;
				CLANG_WARN_SUSPICIOUS_MOVE = YES;
				CLANG_WARN_UNGUARDED_AVAILABILITY = YES_AGGRESSIVE;
				CLANG_WARN_UNREACHABLE_CODE = YES;
				CLANG_WARN__DUPLICATE_METHOD_MATCH = YES;
				CODE_SIGN_IDENTITY = "iPhone Developer";
				COPY_PHASE_STRIP = NO;
				DEBUG_INFORMATION_FORMAT = "dwarf-with-dsym";
				ENABLE_NS_ASSERTIONS = NO;
				ENABLE_STRICT_OBJC_MSGSEND = YES;
				GCC_C_LANGUAGE_STANDARD = gnu11;
				GCC_NO_COMMON_BLOCKS = YES;
				GCC_WARN_64_TO_32_BIT_CONVERSION = YES;
				GCC_WARN_ABOUT_RETURN_TYPE = YES_ERROR;
				GCC_WARN_UNDECLARED_SELECTOR = YES;
				GCC_WARN_UNINITIALIZED_AUTOS = YES_AGGRESSIVE;
				GCC_WARN_UNUSED_FUNCTION = YES;
				GCC_WARN_UNUSED_VARIABLE = YES;
				IPHONEOS_DEPLOYMENT_TARGET = 12.0;
				MTL_ENABLE_DEBUG_INFO = NO;
				MTL_FAST_MATH = YES;
				SDKROOT = iphoneos;
				SWIFT_COMPILATION_MODE = wholemodule;
				SWIFT_OPTIMIZATION_LEVEL = "-O";
				VALIDATE_PRODUCT = YES;
			};
			name = Release;
		};
		0512097D215C9CC3008DA4C3 /* Debug */ = {
			isa = XCBuildConfiguration;
			baseConfigurationReference = 72C3C0795CFAA21CDE48E55D /* Pods-My-Instagram-Version.debug.xcconfig */;
			buildSettings = {
				ASSETCATALOG_COMPILER_APPICON_NAME = AppIcon;
				CODE_SIGN_STYLE = Automatic;
				INFOPLIST_FILE = "My-Instagram-Version/Info.plist";
				LD_RUNPATH_SEARCH_PATHS = (
					"$(inherited)",
					"@executable_path/Frameworks",
				);
				PRODUCT_BUNDLE_IDENTIFIER = "kaio.My-Instagram-Version";
				PRODUCT_NAME = "$(TARGET_NAME)";
				SWIFT_VERSION = 4.2;
				TARGETED_DEVICE_FAMILY = "1,2";
			};
			name = Debug;
		};
		0512097E215C9CC3008DA4C3 /* Release */ = {
			isa = XCBuildConfiguration;
			baseConfigurationReference = F7C11568C2CD16BCF60EC4F5 /* Pods-My-Instagram-Version.release.xcconfig */;
			buildSettings = {
				ASSETCATALOG_COMPILER_APPICON_NAME = AppIcon;
				CODE_SIGN_STYLE = Automatic;
				INFOPLIST_FILE = "My-Instagram-Version/Info.plist";
				LD_RUNPATH_SEARCH_PATHS = (
					"$(inherited)",
					"@executable_path/Frameworks",
				);
				PRODUCT_BUNDLE_IDENTIFIER = "kaio.My-Instagram-Version";
				PRODUCT_NAME = "$(TARGET_NAME)";
				SWIFT_VERSION = 4.2;
				TARGETED_DEVICE_FAMILY = "1,2";
			};
			name = Release;
		};
/* End XCBuildConfiguration section */

/* Begin XCConfigurationList section */
		05120965215C9CC1008DA4C3 /* Build configuration list for PBXProject "My-Instagram-Version" */ = {
			isa = XCConfigurationList;
			buildConfigurations = (
				0512097A215C9CC3008DA4C3 /* Debug */,
				0512097B215C9CC3008DA4C3 /* Release */,
			);
			defaultConfigurationIsVisible = 0;
			defaultConfigurationName = Release;
		};
		0512097C215C9CC3008DA4C3 /* Build configuration list for PBXNativeTarget "My-Instagram-Version" */ = {
			isa = XCConfigurationList;
			buildConfigurations = (
				0512097D215C9CC3008DA4C3 /* Debug */,
				0512097E215C9CC3008DA4C3 /* Release */,
			);
			defaultConfigurationIsVisible = 0;
			defaultConfigurationName = Release;
		};
/* End XCConfigurationList section */
	};
	rootObject = 05120962215C9CC1008DA4C3 /* Project object */;
}
